{
  "name": "@geneontology/wc-gocam-viz",
  "version": "0.0.49",
  "lockfileVersion": 1,
  "requires": true,
  "dependencies": {
    "@geneontology/dbxrefs": {
      "version": "1.0.16",
      "resolved": "https://registry.npmjs.org/@geneontology/dbxrefs/-/dbxrefs-1.0.16.tgz",
      "integrity": "sha512-zKvbcfs+LU4ZnUo00A5ae0V+FVMIM4ftxcfKtJWmtnLKwWy1sOn2y36HGcz/rEmLwd2zBApKJ0ojmgBH416Q5Q==",
      "requires": {
        "axios": "^0.21.1",
        "js-yaml": "^4.0.0"
      }
    },
    "@geneontology/wc-light-modal": {
      "version": "0.0.7",
      "resolved": "https://registry.npmjs.org/@geneontology/wc-light-modal/-/wc-light-modal-0.0.7.tgz",
      "integrity": "sha512-7jUATAbdQJBGSDqmvXU/qWVUTAQPd7zOm5tyRZQNDDtGJMAx7wp+DZrxN8XEhkYclbUs+/3XFspF7KQtMf4FQg==",
      "requires": {
        "@stencil/core": "^1.8.8"
      },
      "dependencies": {
        "@stencil/core": {
          "version": "1.17.4",
          "resolved": "https://registry.npmjs.org/@stencil/core/-/core-1.17.4.tgz",
          "integrity": "sha512-dmuNYM6fnHPvE2ptHoUBQtjcpXqrHnkDtdyUD6/JrZWcJt6jBtrykewObOxzpDCMLs+NT7668ussRagdVL03gQ==",
          "requires": {
            "typescript": "3.9.7"
          }
        }
      }
    },
    "@stencil/core": {
      "version": "2.10.0",
      "resolved": "https://registry.npmjs.org/@stencil/core/-/core-2.10.0.tgz",
      "integrity": "sha512-15rWMTPQ/sp0lSV82HVCXkIya3QLN+uBl7pqK4JnTrp4HiLrzLmNbWjbvgCs55gw0lULbCIGbRIEsFz+Pe/Q+A=="
    },
    "argparse": {
      "version": "2.0.1",
      "resolved": "https://registry.npmjs.org/argparse/-/argparse-2.0.1.tgz",
      "integrity": "sha512-8+9WqebbFzpX9OR+Wa6O29asIogeRMzcGtAINdpMHHyAg10f05aSFVBbcEqGf/PXw1EjAZ+q2/bEBg3DvurK3Q=="
    },
    "axios": {
      "version": "0.21.1",
      "resolved": "https://registry.npmjs.org/axios/-/axios-0.21.1.tgz",
      "integrity": "sha512-dKQiRHxGD9PPRIUNIWvZhPTPpl1rf/OxTYKsqKUDjBwYylTvV7SjSHJb9ratfyzM6wCdLCOYLzs73qpg5c4iGA==",
      "requires": {
        "follow-redirects": "^1.10.0"
      }
    },
    "bbop-core": {
      "version": "0.0.5",
      "resolved": "https://registry.npmjs.org/bbop-core/-/bbop-core-0.0.5.tgz",
      "integrity": "sha1-MuaqLzUu/Nf/vYs1N4A9qg8O9AA=",
      "requires": {
        "underscore": "1.8.3"
      }
    },
    "bbop-graph": {
      "version": "0.0.19",
      "resolved": "https://registry.npmjs.org/bbop-graph/-/bbop-graph-0.0.19.tgz",
      "integrity": "sha1-aKFHX0YIb/a5yWL5FBH5t5oiLh0=",
      "requires": {
        "bbop-core": "0.0.5",
        "underscore": "1.8.3"
      }
    },
    "bbop-graph-noctua": {
      "version": "0.0.35",
      "resolved": "https://registry.npmjs.org/bbop-graph-noctua/-/bbop-graph-noctua-0.0.35.tgz",
      "integrity": "sha512-DmIXvTWRG4ryBwPUZT+RpNxK6eewFzXPNB5cEgXhGttbNitriZOI02BDBwHqaZMJ7CHWKSOwEBc2JqJN/rOJGw==",
      "requires": {
        "bbop-core": "0.0.5",
        "bbop-graph": "0.0.19",
        "class-expression": "0.0.11",
        "underscore": "1.8.3"
      }
    },
    "class-expression": {
      "version": "0.0.11",
      "resolved": "https://registry.npmjs.org/class-expression/-/class-expression-0.0.11.tgz",
      "integrity": "sha1-uGsoKsf4Oj1bF22zIN7PrGcgTCo=",
      "requires": {
        "bbop-core": "0.0.5",
        "underscore": "1.8.3"
      }
    },
    "cose-base": {
      "version": "1.0.3",
      "resolved": "https://registry.npmjs.org/cose-base/-/cose-base-1.0.3.tgz",
      "integrity": "sha512-s9whTXInMSgAp/NVXVNuVxVKzGH2qck3aQlVHxDCdAEPgtMKwc4Wq6/QKhgdEdgbLSi9rBTAcPoRa6JpiG4ksg==",
      "requires": {
        "layout-base": "^1.0.0"
      }
    },
    "cytoscape": {
      "version": "3.19.0",
      "resolved": "https://registry.npmjs.org/cytoscape/-/cytoscape-3.19.0.tgz",
      "integrity": "sha512-DANM8bM4EuSTS3DraPK0nLSmzANrzQ2g/cb3u5Biexu/NVsJA+xAoXVvWHRIHDXz3y0gpMjTPv3Z13ZbkNrEPw==",
      "requires": {
        "heap": "^0.2.6",
        "lodash.debounce": "^4.0.8"
      }
    },
    "cytoscape-cose-bilkent": {
      "version": "4.1.0",
      "resolved": "https://registry.npmjs.org/cytoscape-cose-bilkent/-/cytoscape-cose-bilkent-4.1.0.tgz",
      "integrity": "sha512-wgQlVIUJF13Quxiv5e1gstZ08rnZj2XaLHGoFMYXz7SkNfCDOOteKBE6SYRfA9WxxI/iBc3ajfDoc6hb/MRAHQ==",
      "requires": {
        "cose-base": "^1.0.0"
      }
    },
    "cytoscape-dagre": {
      "version": "2.4.0",
      "resolved": "https://registry.npmjs.org/cytoscape-dagre/-/cytoscape-dagre-2.4.0.tgz",
      "integrity": "sha512-jfOtKzKduCnruBs3YMHS9kqWjZKqvp6loSJwlotPO5pcU4wLUhkx7ZBIyW3VWZXa8wfkGxv/zhWoBxWtYrUxKQ==",
      "requires": {
        "dagre": "^0.8.5"
      }
    },
    "dagre": {
      "version": "0.8.5",
      "resolved": "https://registry.npmjs.org/dagre/-/dagre-0.8.5.tgz",
      "integrity": "sha512-/aTqmnRta7x7MCCpExk7HQL2O4owCT2h8NT//9I1OQ9vt29Pa0BzSAkR5lwFUcQ7491yVi/3CXU9jQ5o0Mn2Sw==",
      "requires": {
        "graphlib": "^2.1.8",
        "lodash": "^4.17.15"
      }
    },
    "estree-walker": {
      "version": "0.6.1",
      "resolved": "https://registry.npmjs.org/estree-walker/-/estree-walker-0.6.1.tgz",
      "integrity": "sha512-SqmZANLWS0mnatqbSfRP5g8OXZC12Fgg1IwNtLsyHDzJizORW4khDfjPqJZsemPWBB2uqykUah5YpQ6epsqC/w==",
      "dev": true
    },
    "follow-redirects": {
      "version": "1.14.1",
      "resolved": "https://registry.npmjs.org/follow-redirects/-/follow-redirects-1.14.1.tgz",
      "integrity": "sha512-HWqDgT7ZEkqRzBvc2s64vSZ/hfOceEol3ac/7tKwzuvEyWx3/4UegXh5oBOIotkGsObyk3xznnSRVADBgWSQVg=="
    },
    "graphlib": {
      "version": "2.1.8",
      "resolved": "https://registry.npmjs.org/graphlib/-/graphlib-2.1.8.tgz",
      "integrity": "sha512-jcLLfkpoVGmH7/InMC/1hIvOPSUh38oJtGhvrOFGzioE1DZ+0YW16RgmOJhHiuWTvGiJQ9Z1Ik43JvkRPRvE+A==",
      "requires": {
        "lodash": "^4.17.15"
      }
    },
    "heap": {
      "version": "0.2.6",
      "resolved": "https://registry.npmjs.org/heap/-/heap-0.2.6.tgz",
      "integrity": "sha1-CH4fELBGky/IWU3Z5tN4r8nR5aw="
    },
    "js-yaml": {
      "version": "4.1.0",
      "resolved": "https://registry.npmjs.org/js-yaml/-/js-yaml-4.1.0.tgz",
      "integrity": "sha512-wpxZs9NoxZaJESJGIZTyDEaYpl0FKSA+FB9aJiyemKhMwkxQg63h4T1KJgUGHpTqPDNRcmmYLugrRjJlBtWvRA==",
      "requires": {
        "argparse": "^2.0.1"
      }
    },
    "layout-base": {
      "version": "1.0.2",
      "resolved": "https://registry.npmjs.org/layout-base/-/layout-base-1.0.2.tgz",
      "integrity": "sha512-8h2oVEZNktL4BH2JCOI90iD1yXwL6iNW7KcCKT2QZgQJR2vbqDsldCTPRU9NifTCqHZci57XvQQ15YTu+sTYPg=="
    },
    "lodash": {
      "version": "4.17.21",
      "resolved": "https://registry.npmjs.org/lodash/-/lodash-4.17.21.tgz",
      "integrity": "sha512-v2kDEe57lecTulaDIuNTPy3Ry4gLGJ6Z1O3vE1krgXZNrsQ+LFTGHVxVjcXPs17LhbZVGedAJv8XZ1tvj5FvSg=="
    },
    "lodash.debounce": {
      "version": "4.0.8",
      "resolved": "https://registry.npmjs.org/lodash.debounce/-/lodash.debounce-4.0.8.tgz",
      "integrity": "sha1-gteb/zCmfEAF/9XiUVMArZyk168="
    },
    "magic-string": {
      "version": "0.25.7",
      "resolved": "https://registry.npmjs.org/magic-string/-/magic-string-0.25.7.tgz",
      "integrity": "sha512-4CrMT5DOHTDk4HYDlzmwu4FVCcIYI8gauveasrdCu2IKIFOJ3f0v/8MDGJCDL9oD2ppz/Av1b0Nj345H9M+XIA==",
      "dev": true,
      "requires": {
        "sourcemap-codec": "^1.4.4"
      }
    },
    "rollup-plugin-inject": {
      "version": "3.0.2",
      "resolved": "https://registry.npmjs.org/rollup-plugin-inject/-/rollup-plugin-inject-3.0.2.tgz",
      "integrity": "sha512-ptg9PQwzs3orn4jkgXJ74bfs5vYz1NCZlSQMBUA0wKcGp5i5pA1AO3fOUEte8enhGUC+iapTCzEWw2jEFFUO/w==",
      "dev": true,
      "requires": {
        "estree-walker": "^0.6.1",
        "magic-string": "^0.25.3",
        "rollup-pluginutils": "^2.8.1"
      }
    },
    "rollup-plugin-node-polyfills": {
      "version": "0.2.1",
      "resolved": "https://registry.npmjs.org/rollup-plugin-node-polyfills/-/rollup-plugin-node-polyfills-0.2.1.tgz",
      "integrity": "sha512-4kCrKPTJ6sK4/gLL/U5QzVT8cxJcofO0OU74tnB19F40cmuAKSzH5/siithxlofFEjwvw1YAhPmbvGNA6jEroA==",
      "dev": true,
      "requires": {
        "rollup-plugin-inject": "^3.0.0"
      }
    },
    "rollup-pluginutils": {
      "version": "2.8.2",
      "resolved": "https://registry.npmjs.org/rollup-pluginutils/-/rollup-pluginutils-2.8.2.tgz",
      "integrity": "sha512-EEp9NhnUkwY8aif6bxgovPHMoMoNr2FulJziTndpt5H9RdwC47GSGuII9XxpSdzVGM0GWrNPHV6ie1LTNJPaLQ==",
      "dev": true,
      "requires": {
        "estree-walker": "^0.6.1"
      }
    },
    "sourcemap-codec": {
      "version": "1.4.8",
      "resolved": "https://registry.npmjs.org/sourcemap-codec/-/sourcemap-codec-1.4.8.tgz",
      "integrity": "sha512-9NykojV5Uih4lgo5So5dtw+f0JgJX30KCNI8gwhz2J9A15wD0Ml6tjHKwf6fTSa6fAdVBdZeNOs9eJ71qCk8vA==",
      "dev": true
    },
    "typescript": {
      "version": "3.9.7",
      "resolved": "https://registry.npmjs.org/typescript/-/typescript-3.9.7.tgz",
      "integrity": "sha512-BLbiRkiBzAwsjut4x/dsibSTB6yWpwT5qWmC2OfuCg3GgVQCSgMs4vEctYPhsaGtd0AeuuHMkjZ2h2WG8MSzRw=="
    },
    "underscore": {
      "version": "1.8.3",
      "resolved": "https://registry.npmjs.org/underscore/-/underscore-1.8.3.tgz",
      "integrity": "sha1-Tz+1OxBuYJf8+ctBCfKl6b36UCI="
    },
    "uuid": {
      "version": "8.3.2",
      "resolved": "https://registry.npmjs.org/uuid/-/uuid-8.3.2.tgz",
      "integrity": "sha512-+NYs2QeMWy+GWFOEm9xnn6HCDp0l7QBD7ml8zLUmJ+93Q5NF0NocErnwkTkXVFNiX3/fpC6afS8Dhb/gz7R7eg=="
    }
  }
}
